
Microsoft Visual Studio Solution File, Format Version 12.00
# Visual Studio Version 17
VisualStudioVersion = 17.13.35913.81 d17.13
MinimumVisualStudioVersion = 10.0.40219.1
Project("{54A90642-561A-4BB1-A94E-469ADEE60C69}") = "inventoryreactapp.client", "inventoryreactapp.client\inventoryreactapp.client.esproj", "{8845458C-0982-F977-C43E-1621B6B47856}"
EndProject
Project("{FAE04EC0-301F-11D3-BF4B-00C04F79EFBC}") = "InventoryReactApp.Server", "InventoryReactApp.Server\InventoryReactApp.Server.csproj", "{1162B5D8-4C6D-48B4-92FB-DA5A227409AF}"
EndProject
Global
	GlobalSection(SolutionConfigurationPlatforms) = preSolution
		Debug|Any CPU = Debug|Any CPU
		Release|Any CPU = Release|Any CPU
	EndGlobalSection
	GlobalSection(ProjectConfigurationPlatforms) = postSolution
		{8845458C-0982-F977-C43E-1621B6B47856}.Debug|Any CPU.ActiveCfg = Debug|Any CPU
		{8845458C-0982-F977-C43E-1621B6B47856}.Debug|Any CPU.Build.0 = Debug|Any CPU
		{8845458C-0982-F977-C43E-1621B6B47856}.Debug|Any CPU.Deploy.0 = Debug|Any CPU
		{8845458C-0982-F977-C43E-1621B6B47856}.Release|Any CPU.ActiveCfg = Release|Any CPU
		{8845458C-0982-F977-C43E-1621B6B47856}.Release|Any CPU.Build.0 = Release|Any CPU
		{8845458C-0982-F977-C43E-1621B6B47856}.Release|Any CPU.Deploy.0 = Release|Any CPU
		{1162B5D8-4C6D-48B4-92FB-DA5A227409AF}.Debug|Any CPU.ActiveCfg = Debug|Any CPU
		{1162B5D8-4C6D-48B4-92FB-DA5A227409AF}.Debug|Any CPU.Build.0 = Debug|Any CPU
		{1162B5D8-4C6D-48B4-92FB-DA5A227409AF}.Release|Any CPU.ActiveCfg = Release|Any CPU
		{1162B5D8-4C6D-48B4-92FB-DA5A227409AF}.Release|Any CPU.Build.0 = Release|Any CPU
	EndGlobalSection
	GlobalSection(SolutionProperties) = preSolution
		HideSolutionNode = FALSE
	EndGlobalSection
	GlobalSection(ExtensibilityGlobals) = postSolution
		SolutionGuid = {DA810F0D-B6D9-486C-9672-288E9879F151}
	EndGlobalSection
EndGlobal
